
Microsoft Visual Studio Solution File, Format Version 12.00
Project("{2150E333-8FDC-42A3-9474-1A3956D46DE8}") = "src", "src", "{75D2B84A-0262-43F9-AC57-6134455A66C4}"
EndProject
Project("{2150E333-8FDC-42A3-9474-1A3956D46DE8}") = "tests", "tests", "{63C2760D-8905-483F-B917-95FEFBCEB742}"
EndProject
Project("{2150E333-8FDC-42A3-9474-1A3956D46DE8}") = "core", "core", "{6FACEC82-EA3B-498B-BC6C-3B39C14A0349}"
EndProject
Project("{FAE04EC0-301F-11D3-BF4B-00C04F79EFBC}") = "HTMLToPDFConvertor.Application", "src\core\HTMLToPDFConvertor.Application\HTMLToPDFConvertor.Application.csproj", "{DCD704EB-8FAA-495D-8A3E-06D5E4E0E8F3}"
EndProject
Project("{2150E333-8FDC-42A3-9474-1A3956D46DE8}") = "presentation", "presentation", "{1D24C126-E84A-424E-AD2B-ED8148200CA0}"
EndProject
Project("{FAE04EC0-301F-11D3-BF4B-00C04F79EFBC}") = "HTMLToPDFConvertor.Api", "src\presentation\HTMLToPDFConvertor.Api\HTMLToPDFConvertor.Api.csproj", "{19666575-55A3-45B8-9B54-A32577707931}"
EndProject
Project("{2150E333-8FDC-42A3-9474-1A3956D46DE8}") = "core", "core", "{27D7475C-A79B-4389-8327-BFA4177421C5}"
EndProject
Project("{FAE04EC0-301F-11D3-BF4B-00C04F79EFBC}") = "HTMLToPDFConvertor.Application.Tests", "tests\core\HTMLToPDFConvertor.Application.Tests\HTMLToPDFConvertor.Application.Tests.csproj", "{C8246333-CE5E-4A3B-BC8F-297E690898F1}"
EndProject
Project("{2150E333-8FDC-42A3-9474-1A3956D46DE8}") = "infrastructure", "infrastructure", "{CC5B9ED3-087E-4F03-A529-13DCAA7D8F42}"
EndProject
Project("{FAE04EC0-301F-11D3-BF4B-00C04F79EFBC}") = "HTMLToPdfConvertor.Services", "src\infrustructure\HTMLToPdfConvertor.Services\HTMLToPdfConvertor.Services.csproj", "{44A9ECD3-F486-48FF-922C-0FB739DECEA7}"
EndProject
Global
	GlobalSection(SolutionConfigurationPlatforms) = preSolution
		Debug|Any CPU = Debug|Any CPU
		Release|Any CPU = Release|Any CPU
	EndGlobalSection
	GlobalSection(NestedProjects) = preSolution
		{6FACEC82-EA3B-498B-BC6C-3B39C14A0349} = {75D2B84A-0262-43F9-AC57-6134455A66C4}
		{DCD704EB-8FAA-495D-8A3E-06D5E4E0E8F3} = {6FACEC82-EA3B-498B-BC6C-3B39C14A0349}
		{1D24C126-E84A-424E-AD2B-ED8148200CA0} = {75D2B84A-0262-43F9-AC57-6134455A66C4}
		{19666575-55A3-45B8-9B54-A32577707931} = {1D24C126-E84A-424E-AD2B-ED8148200CA0}
		{27D7475C-A79B-4389-8327-BFA4177421C5} = {63C2760D-8905-483F-B917-95FEFBCEB742}
		{C8246333-CE5E-4A3B-BC8F-297E690898F1} = {27D7475C-A79B-4389-8327-BFA4177421C5}
		{CC5B9ED3-087E-4F03-A529-13DCAA7D8F42} = {75D2B84A-0262-43F9-AC57-6134455A66C4}
		{44A9ECD3-F486-48FF-922C-0FB739DECEA7} = {CC5B9ED3-087E-4F03-A529-13DCAA7D8F42}
	EndGlobalSection
	GlobalSection(ProjectConfigurationPlatforms) = postSolution
		{DCD704EB-8FAA-495D-8A3E-06D5E4E0E8F3}.Debug|Any CPU.ActiveCfg = Debug|Any CPU
		{DCD704EB-8FAA-495D-8A3E-06D5E4E0E8F3}.Debug|Any CPU.Build.0 = Debug|Any CPU
		{DCD704EB-8FAA-495D-8A3E-06D5E4E0E8F3}.Release|Any CPU.ActiveCfg = Release|Any CPU
		{DCD704EB-8FAA-495D-8A3E-06D5E4E0E8F3}.Release|Any CPU.Build.0 = Release|Any CPU
		{19666575-55A3-45B8-9B54-A32577707931}.Debug|Any CPU.ActiveCfg = Debug|Any CPU
		{19666575-55A3-45B8-9B54-A32577707931}.Debug|Any CPU.Build.0 = Debug|Any CPU
		{19666575-55A3-45B8-9B54-A32577707931}.Release|Any CPU.ActiveCfg = Release|Any CPU
		{19666575-55A3-45B8-9B54-A32577707931}.Release|Any CPU.Build.0 = Release|Any CPU
		{C8246333-CE5E-4A3B-BC8F-297E690898F1}.Debug|Any CPU.ActiveCfg = Debug|Any CPU
		{C8246333-CE5E-4A3B-BC8F-297E690898F1}.Debug|Any CPU.Build.0 = Debug|Any CPU
		{C8246333-CE5E-4A3B-BC8F-297E690898F1}.Release|Any CPU.ActiveCfg = Release|Any CPU
		{C8246333-CE5E-4A3B-BC8F-297E690898F1}.Release|Any CPU.Build.0 = Release|Any CPU
		{44A9ECD3-F486-48FF-922C-0FB739DECEA7}.Debug|Any CPU.ActiveCfg = Debug|Any CPU
		{44A9ECD3-F486-48FF-922C-0FB739DECEA7}.Debug|Any CPU.Build.0 = Debug|Any CPU
		{44A9ECD3-F486-48FF-922C-0FB739DECEA7}.Release|Any CPU.ActiveCfg = Release|Any CPU
		{44A9ECD3-F486-48FF-922C-0FB739DECEA7}.Release|Any CPU.Build.0 = Release|Any CPU
	EndGlobalSection
EndGlobal
